github.com/antoniovleonti/sse v0.0.0-20230904230022-1b089e02c02c h1:xyy95VvNSsMdIXyD7D588k4qnCLNHEVMhlsr/XdUZVc=
github.com/antoniovleonti/sse v0.0.0-20230904230022-1b089e02c02c/go.mod h1:tc+1RDBKNCHs5Ild+Q/NDaBpdLARWAQR0Opn2IjxXq0=
github.com/davecgh/go-spew v1.1.1 h1:vj9j/u1bqnvCEfJOwUhtlOARqs3+rkHYY13jYWTU97c=
github.com/davecgh/go-spew v1.1.1/go.mod h1:J7Y8YcW2NihsgmVo/mv3lAwl/skON4iLHjSsI+c5H38=
github.com/julienschmidt/httprouter v1.3.0 h1:U0609e9tgbseu3rBINet9P48AI/D3oJs4dN7jwJOQ1U=
github.com/julienschmidt/httprouter v1.3.0/go.mod h1:JR6WtHb+2LUe8TCKY3cZOxFyyO8IZAc4RVcycCCAKdM=
github.com/pmezard/go-difflib v1.0.0 h1:4DBwDE0NGyQoBHbLQYPwSUPoCMWR5BEzIk/f1lZbAQM=
github.com/pmezard/go-difflib v1.0.0/go.mod h1:iKH77koFhYxTK1pcRnkKkqfTogsbg7gZNVY4sRDYZ/4=
github.com/r3labs/sse/v2 v2.10.0 h1:hFEkLLFY4LDifoHdiCN/LlGBAdVJYsANaLqNYa1l/v0=
github.com/r3labs/sse/v2 v2.10.0/go.mod h1:Igau6Whc+F17QUgML1fYe1VPZzTV6EMCnYktEmkNJ7I=
github.com/stretchr/testify v1.8.4 h1:CcVxjf3Q8PM0mHUKJCdn+eZZtm5yQwehR5yeSVQQcUk=
github.com/stretchr/testify v1.8.4/go.mod h1:sz/lmYIOXD/1dqDmKjjqLyZ2RngseejIcXlSw2iwfAo=
golang.org/x/net v0.14.0 h1:BONx9s002vGdD9umnlX1Po8vOZmrgH34qlHcD1MfK14=
golang.org/x/net v0.14.0/go.mod h1:PpSgVXXLK0OxS0F31C1/tv6XNguvCrnXIDrFMspZIUI=
gopkg.in/cenkalti/backoff.v1 v1.1.0 h1:Arh75ttbsvlpVA7WtVpH4u9h6Zl46xuptxqLxPiSo4Y=
gopkg.in/cenkalti/backoff.v1 v1.1.0/go.mod h1:J6Vskwqd+OMVJl8C33mmtxTBs2gyzfv7UDAkHu8BrjI=
gopkg.in/yaml.v3 v3.0.1 h1:fxVm/GzAzEWqLHuvctI91KS9hhNmmWOoWu0XTYJS7CA=
gopkg.in/yaml.v3 v3.0.1/go.mod h1:K4uyk7z7BCEPqu6E+C64Yfv1cQ7kz7rIZviUmN+EgEM=
